
Microsoft Visual Studio Solution File, Format Version 12.00
# Visual Studio 14
VisualStudioVersion = 14.0.24720.0
MinimumVisualStudioVersion = 10.0.40219.1
Project("{FAE04EC0-301F-11D3-BF4B-00C04F79EFBC}") = "ReadDeviceToCloudMessages", "ReadDeviceToCloudMessages\ReadDeviceToCloudMessages.csproj", "{E9852A15-CA26-4117-8E20-BDE214120D30}"
EndProject
Project("{FAE04EC0-301F-11D3-BF4B-00C04F79EFBC}") = "SimulatedDevice", "..\SimulatedDevice\SimulatedDevice\SimulatedDevice.csproj", "{42AE1D62-D9DF-44AC-BA39-76DB022A4C7C}"
EndProject
Global
	GlobalSection(SolutionConfigurationPlatforms) = preSolution
		Debug|Any CPU = Debug|Any CPU
		Release|Any CPU = Release|Any CPU
	EndGlobalSection
	GlobalSection(ProjectConfigurationPlatforms) = postSolution
		{E9852A15-CA26-4117-8E20-BDE214120D30}.Debug|Any CPU.ActiveCfg = Debug|Any CPU
		{E9852A15-CA26-4117-8E20-BDE214120D30}.Debug|Any CPU.Build.0 = Debug|Any CPU
		{E9852A15-CA26-4117-8E20-BDE214120D30}.Release|Any CPU.ActiveCfg = Release|Any CPU
		{E9852A15-CA26-4117-8E20-BDE214120D30}.Release|Any CPU.Build.0 = Release|Any CPU
		{42AE1D62-D9DF-44AC-BA39-76DB022A4C7C}.Debug|Any CPU.ActiveCfg = Debug|Any CPU
		{42AE1D62-D9DF-44AC-BA39-76DB022A4C7C}.Debug|Any CPU.Build.0 = Debug|Any CPU
		{42AE1D62-D9DF-44AC-BA39-76DB022A4C7C}.Release|Any CPU.ActiveCfg = Release|Any CPU
		{42AE1D62-D9DF-44AC-BA39-76DB022A4C7C}.Release|Any CPU.Build.0 = Release|Any CPU
	EndGlobalSection
	GlobalSection(SolutionProperties) = preSolution
		HideSolutionNode = FALSE
	EndGlobalSection
EndGlobal
